
Microsoft Visual Studio Solution File, Format Version 12.00
# Visual Studio Version 16
VisualStudioVersion = 16.0.32106.194
MinimumVisualStudioVersion = 10.0.40219.1
Project("{FAE04EC0-301F-11D3-BF4B-00C04F79EFBC}") = "Lab01", "Lab01\Lab01.csproj", "{9CBF3DA0-9B4E-41E2-BBF7-61943804E6E0}"
EndProject
Project("{FAE04EC0-301F-11D3-BF4B-00C04F79EFBC}") = "Lab02", "Lab02\Lab02.csproj", "{441B105F-CA3B-41DB-9F8D-95659C296985}"
EndProject
Project("{FAE04EC0-301F-11D3-BF4B-00C04F79EFBC}") = "WebQLDaoTao", "WebQLDaoTao\WebQLDaoTao.csproj", "{95F9122D-EED7-4EF7-93CC-C04887409545}"
EndProject
Global
	GlobalSection(SolutionConfigurationPlatforms) = preSolution
		Debug|Any CPU = Debug|Any CPU
		Release|Any CPU = Release|Any CPU
	EndGlobalSection
	GlobalSection(ProjectConfigurationPlatforms) = postSolution
		{9CBF3DA0-9B4E-41E2-BBF7-61943804E6E0}.Debug|Any CPU.ActiveCfg = Debug|Any CPU
		{9CBF3DA0-9B4E-41E2-BBF7-61943804E6E0}.Debug|Any CPU.Build.0 = Debug|Any CPU
		{9CBF3DA0-9B4E-41E2-BBF7-61943804E6E0}.Release|Any CPU.ActiveCfg = Release|Any CPU
		{9CBF3DA0-9B4E-41E2-BBF7-61943804E6E0}.Release|Any CPU.Build.0 = Release|Any CPU
		{441B105F-CA3B-41DB-9F8D-95659C296985}.Debug|Any CPU.ActiveCfg = Debug|Any CPU
		{441B105F-CA3B-41DB-9F8D-95659C296985}.Debug|Any CPU.Build.0 = Debug|Any CPU
		{441B105F-CA3B-41DB-9F8D-95659C296985}.Release|Any CPU.ActiveCfg = Release|Any CPU
		{441B105F-CA3B-41DB-9F8D-95659C296985}.Release|Any CPU.Build.0 = Release|Any CPU
		{95F9122D-EED7-4EF7-93CC-C04887409545}.Debug|Any CPU.ActiveCfg = Debug|Any CPU
		{95F9122D-EED7-4EF7-93CC-C04887409545}.Debug|Any CPU.Build.0 = Debug|Any CPU
		{95F9122D-EED7-4EF7-93CC-C04887409545}.Release|Any CPU.ActiveCfg = Release|Any CPU
		{95F9122D-EED7-4EF7-93CC-C04887409545}.Release|Any CPU.Build.0 = Release|Any CPU
	EndGlobalSection
	GlobalSection(SolutionProperties) = preSolution
		HideSolutionNode = FALSE
	EndGlobalSection
	GlobalSection(ExtensibilityGlobals) = postSolution
		SolutionGuid = {3801C7BA-1E0A-4157-B9F1-39E61FAF3CAF}
	EndGlobalSection
EndGlobal
